
Microsoft Visual Studio Solution File, Format Version 12.00
# Visual Studio Version 16
VisualStudioVersion = 16.0.31205.134
MinimumVisualStudioVersion = 10.0.40219.1
Project("{FAE04EC0-301F-11D3-BF4B-00C04F79EFBC}") = "Bankomat", "Bankomat.csproj", "{2570BA16-27D9-46DE-9D14-C2E5ECC005DE}"
EndProject
Global
	GlobalSection(SolutionConfigurationPlatforms) = preSolution
		Debug|Any CPU = Debug|Any CPU
		Release|Any CPU = Release|Any CPU
	EndGlobalSection
	GlobalSection(ProjectConfigurationPlatforms) = postSolution
		{2570BA16-27D9-46DE-9D14-C2E5ECC005DE}.Debug|Any CPU.ActiveCfg = Debug|Any CPU
		{2570BA16-27D9-46DE-9D14-C2E5ECC005DE}.Debug|Any CPU.Build.0 = Debug|Any CPU
		{2570BA16-27D9-46DE-9D14-C2E5ECC005DE}.Release|Any CPU.ActiveCfg = Release|Any CPU
		{2570BA16-27D9-46DE-9D14-C2E5ECC005DE}.Release|Any CPU.Build.0 = Release|Any CPU
	EndGlobalSection
	GlobalSection(SolutionProperties) = preSolution
		HideSolutionNode = FALSE
	EndGlobalSection
	GlobalSection(ExtensibilityGlobals) = postSolution
		SolutionGuid = {80C785BF-2BAF-4E29-95DE-75A5806446F3}
	EndGlobalSection
EndGlobal
